
Microsoft Visual Studio Solution File, Format Version 12.00
Project("{FAE04EC0-301F-11D3-BF4B-00C04F79EFBC}") = "AdministrandoAluguelDeVeiculos", "AdministrandoAluguelDeVeiculos\AdministrandoAluguelDeVeiculos.csproj", "{6F648DF8-335F-46B9-AE41-1845980C7A14}"
EndProject
Global
	GlobalSection(SolutionConfigurationPlatforms) = preSolution
		Debug|Any CPU = Debug|Any CPU
		Release|Any CPU = Release|Any CPU
	EndGlobalSection
	GlobalSection(ProjectConfigurationPlatforms) = postSolution
		{6F648DF8-335F-46B9-AE41-1845980C7A14}.Debug|Any CPU.ActiveCfg = Debug|Any CPU
		{6F648DF8-335F-46B9-AE41-1845980C7A14}.Debug|Any CPU.Build.0 = Debug|Any CPU
		{6F648DF8-335F-46B9-AE41-1845980C7A14}.Release|Any CPU.ActiveCfg = Release|Any CPU
		{6F648DF8-335F-46B9-AE41-1845980C7A14}.Release|Any CPU.Build.0 = Release|Any CPU
	EndGlobalSection
EndGlobal
